
Microsoft Visual Studio Solution File, Format Version 12.00
# Visual Studio 14
VisualStudioVersion = 14.0.25420.1
MinimumVisualStudioVersion = 10.0.40219.1
Project("{8BC9CEB8-8B4A-11D0-8D11-00A0C91BC942}") = "Sprites", "Sprites\Sprites.vcxproj", "{8CF9D911-9083-4E49-97DD-7879C0E1F5DA}"
EndProject
Project("{8BC9CEB8-8B4A-11D0-8D11-00A0C91BC942}") = "player", "player\player.vcxproj", "{8FCB05B4-EE6C-49BE-ACF6-21572808D952}"
EndProject
Project("{8BC9CEB8-8B4A-11D0-8D11-00A0C91BC942}") = "save_and_load_background", "save_and_load_background\save_and_load_background.vcxproj", "{D60E5C8F-7FCB-4D53-A294-61DF3E8FC723}"
EndProject
Project("{8BC9CEB8-8B4A-11D0-8D11-00A0C91BC942}") = "sqlite_test", "sqlite_test\sqlite_test.vcxproj", "{CE66EB2B-6D37-4536-9D7B-F15E5EDCAF0F}"
EndProject
Global
	GlobalSection(SolutionConfigurationPlatforms) = preSolution
		Debug|x64 = Debug|x64
		Debug|x86 = Debug|x86
		Release|x64 = Release|x64
		Release|x86 = Release|x86
	EndGlobalSection
	GlobalSection(ProjectConfigurationPlatforms) = postSolution
		{8CF9D911-9083-4E49-97DD-7879C0E1F5DA}.Debug|x64.ActiveCfg = Debug|Win32
		{8CF9D911-9083-4E49-97DD-7879C0E1F5DA}.Debug|x64.Build.0 = Debug|Win32
		{8CF9D911-9083-4E49-97DD-7879C0E1F5DA}.Debug|x86.ActiveCfg = Debug|Win32
		{8CF9D911-9083-4E49-97DD-7879C0E1F5DA}.Debug|x86.Build.0 = Debug|Win32
		{8CF9D911-9083-4E49-97DD-7879C0E1F5DA}.Release|x64.ActiveCfg = Release|x64
		{8CF9D911-9083-4E49-97DD-7879C0E1F5DA}.Release|x64.Build.0 = Release|x64
		{8CF9D911-9083-4E49-97DD-7879C0E1F5DA}.Release|x86.ActiveCfg = Release|Win32
		{8CF9D911-9083-4E49-97DD-7879C0E1F5DA}.Release|x86.Build.0 = Release|Win32
		{8FCB05B4-EE6C-49BE-ACF6-21572808D952}.Debug|x64.ActiveCfg = Debug|Win32
		{8FCB05B4-EE6C-49BE-ACF6-21572808D952}.Debug|x64.Build.0 = Debug|Win32
		{8FCB05B4-EE6C-49BE-ACF6-21572808D952}.Debug|x86.ActiveCfg = Debug|Win32
		{8FCB05B4-EE6C-49BE-ACF6-21572808D952}.Debug|x86.Build.0 = Debug|Win32
		{8FCB05B4-EE6C-49BE-ACF6-21572808D952}.Release|x64.ActiveCfg = Release|x64
		{8FCB05B4-EE6C-49BE-ACF6-21572808D952}.Release|x64.Build.0 = Release|x64
		{8FCB05B4-EE6C-49BE-ACF6-21572808D952}.Release|x86.ActiveCfg = Release|Win32
		{8FCB05B4-EE6C-49BE-ACF6-21572808D952}.Release|x86.Build.0 = Release|Win32
		{D60E5C8F-7FCB-4D53-A294-61DF3E8FC723}.Debug|x64.ActiveCfg = Debug|Win32
		{D60E5C8F-7FCB-4D53-A294-61DF3E8FC723}.Debug|x64.Build.0 = Debug|Win32
		{D60E5C8F-7FCB-4D53-A294-61DF3E8FC723}.Debug|x86.ActiveCfg = Debug|Win32
		{D60E5C8F-7FCB-4D53-A294-61DF3E8FC723}.Debug|x86.Build.0 = Debug|Win32
		{D60E5C8F-7FCB-4D53-A294-61DF3E8FC723}.Release|x64.ActiveCfg = Release|x64
		{D60E5C8F-7FCB-4D53-A294-61DF3E8FC723}.Release|x64.Build.0 = Release|x64
		{D60E5C8F-7FCB-4D53-A294-61DF3E8FC723}.Release|x86.ActiveCfg = Release|Win32
		{D60E5C8F-7FCB-4D53-A294-61DF3E8FC723}.Release|x86.Build.0 = Release|Win32
		{CE66EB2B-6D37-4536-9D7B-F15E5EDCAF0F}.Debug|x64.ActiveCfg = Debug|Win32
		{CE66EB2B-6D37-4536-9D7B-F15E5EDCAF0F}.Debug|x64.Build.0 = Debug|Win32
		{CE66EB2B-6D37-4536-9D7B-F15E5EDCAF0F}.Debug|x86.ActiveCfg = Debug|Win32
		{CE66EB2B-6D37-4536-9D7B-F15E5EDCAF0F}.Debug|x86.Build.0 = Debug|Win32
		{CE66EB2B-6D37-4536-9D7B-F15E5EDCAF0F}.Release|x64.ActiveCfg = Release|x64
		{CE66EB2B-6D37-4536-9D7B-F15E5EDCAF0F}.Release|x64.Build.0 = Release|x64
		{CE66EB2B-6D37-4536-9D7B-F15E5EDCAF0F}.Release|x86.ActiveCfg = Release|Win32
		{CE66EB2B-6D37-4536-9D7B-F15E5EDCAF0F}.Release|x86.Build.0 = Release|Win32
	EndGlobalSection
	GlobalSection(SolutionProperties) = preSolution
		HideSolutionNode = FALSE
	EndGlobalSection
EndGlobal
